
Microsoft Visual Studio Solution File, Format Version 12.00
# Visual Studio Version 16
VisualStudioVersion = 16.0.31025.194
MinimumVisualStudioVersion = 10.0.40219.1
Project("{888888A0-9F3D-457C-B088-3A5042F75D52}") = "python_crash_course", "python_crash_course.pyproj", "{813A1E3F-1B64-4AE0-9E45-4FE87D41DA9C}"
EndProject
Global
	GlobalSection(SolutionConfigurationPlatforms) = preSolution
		Debug|Any CPU = Debug|Any CPU
		Release|Any CPU = Release|Any CPU
	EndGlobalSection
	GlobalSection(ProjectConfigurationPlatforms) = postSolution
		{813A1E3F-1B64-4AE0-9E45-4FE87D41DA9C}.Debug|Any CPU.ActiveCfg = Debug|Any CPU
		{813A1E3F-1B64-4AE0-9E45-4FE87D41DA9C}.Release|Any CPU.ActiveCfg = Release|Any CPU
	EndGlobalSection
	GlobalSection(SolutionProperties) = preSolution
		HideSolutionNode = FALSE
	EndGlobalSection
	GlobalSection(ExtensibilityGlobals) = postSolution
		SolutionGuid = {1AF174F9-9856-40D6-BAC4-8BB5558CFBA0}
	EndGlobalSection
EndGlobal
